{
  "name": "News-Summary",
  "lockfileVersion": 2,
  "requires": true,
  "packages": {
    "": {
      "dependencies": {
        "@huggingface/inference": "^4.7.1"
      }
    },
    "node_modules/@huggingface/inference": {
      "version": "4.7.1",
      "resolved": "https://registry.npmjs.org/@huggingface/inference/-/inference-4.7.1.tgz",
      "integrity": "sha512-gXrMocGDsE6kUZPEj82c3O+/OKnIfbHvg9rYjGA6svbWrYVmHCIAdCrrgCwNl2v5GELfPJrrfIv0bvzCTfa64A==",
      "dependencies": {
        "@huggingface/jinja": "^0.5.1",
        "@huggingface/tasks": "^0.19.35"
      },
      "engines": {
        "node": ">=18"
      }
    },
    "node_modules/@huggingface/jinja": {
      "version": "0.5.1",
      "resolved": "https://registry.npmjs.org/@huggingface/jinja/-/jinja-0.5.1.tgz",
      "integrity": "sha512-yUZLld4lrM9iFxHCwFQ7D1HW2MWMwSbeB7WzWqFYDWK+rEb+WldkLdAJxUPOmgICMHZLzZGVcVjFh3w/YGubng==",
      "engines": {
        "node": ">=18"
      }
    },
    "node_modules/@huggingface/tasks": {
      "version": "0.19.37",
      "resolved": "https://registry.npmjs.org/@huggingface/tasks/-/tasks-0.19.37.tgz",
      "integrity": "sha512-Te1VB1tB1HoLfTGluCwy8sLO90YV+uNOAFktQ1h7jKas4TlHT/7SlfwFaDJFTV8lN7qCw2nDB+7PRkKzwIb/hg=="
    }
  },
  "dependencies": {
    "@huggingface/inference": {
      "version": "4.7.1",
      "resolved": "https://registry.npmjs.org/@huggingface/inference/-/inference-4.7.1.tgz",
      "integrity": "sha512-gXrMocGDsE6kUZPEj82c3O+/OKnIfbHvg9rYjGA6svbWrYVmHCIAdCrrgCwNl2v5GELfPJrrfIv0bvzCTfa64A==",
      "requires": {
        "@huggingface/jinja": "^0.5.1",
        "@huggingface/tasks": "^0.19.35"
      }
    },
    "@huggingface/jinja": {
      "version": "0.5.1",
      "resolved": "https://registry.npmjs.org/@huggingface/jinja/-/jinja-0.5.1.tgz",
      "integrity": "sha512-yUZLld4lrM9iFxHCwFQ7D1HW2MWMwSbeB7WzWqFYDWK+rEb+WldkLdAJxUPOmgICMHZLzZGVcVjFh3w/YGubng=="
    },
    "@huggingface/tasks": {
      "version": "0.19.37",
      "resolved": "https://registry.npmjs.org/@huggingface/tasks/-/tasks-0.19.37.tgz",
      "integrity": "sha512-Te1VB1tB1HoLfTGluCwy8sLO90YV+uNOAFktQ1h7jKas4TlHT/7SlfwFaDJFTV8lN7qCw2nDB+7PRkKzwIb/hg=="
    }
  }
}
